Microsoft Visual Studio Solution File, Format Version 11.00
# Visual Studio 2008

Project("{9C520E0C-FA44-9898-CB4E-3D288CD783FD}") = "SpinningCube", "Assembly-CSharp.csproj", "{4EEDA80A-781D-9610-B24F-572FAAA691C2}"
EndProject
Project("{9C520E0C-FA44-9898-CB4E-3D288CD783FD}") = "SpinningCube", "Assembly-CSharp-Editor.csproj", "{170DDB95-DD13-0111-4116-81A7C182B008}"
EndProject
Project("{9C520E0C-FA44-9898-CB4E-3D288CD783FD}") = "SpinningCube", "Assembly-UnityScript.unityproj", "{F8132939-E636-B371-D3F5-256987FF7784}"
EndProject
Global
	GlobalSection(SolutionConfigurationPlatforms) = preSolution
		Debug|Any CPU = Debug|Any CPU
		Release|Any CPU = Release|Any CPU
	EndGlobalSection
	GlobalSection(ProjectConfigurationPlatforms) = postSolution
		{4EEDA80A-781D-9610-B24F-572FAAA691C2}.Debug|Any CPU.ActiveCfg = Debug|Any CPU
		{4EEDA80A-781D-9610-B24F-572FAAA691C2}.Debug|Any CPU.Build.0 = Debug|Any CPU
		{4EEDA80A-781D-9610-B24F-572FAAA691C2}.Release|Any CPU.ActiveCfg = Release|Any CPU
		{4EEDA80A-781D-9610-B24F-572FAAA691C2}.Release|Any CPU.Build.0 = Release|Any CPU
		{170DDB95-DD13-0111-4116-81A7C182B008}.Debug|Any CPU.ActiveCfg = Debug|Any CPU
		{170DDB95-DD13-0111-4116-81A7C182B008}.Debug|Any CPU.Build.0 = Debug|Any CPU
		{170DDB95-DD13-0111-4116-81A7C182B008}.Release|Any CPU.ActiveCfg = Release|Any CPU
		{170DDB95-DD13-0111-4116-81A7C182B008}.Release|Any CPU.Build.0 = Release|Any CPU
		{F8132939-E636-B371-D3F5-256987FF7784}.Debug|Any CPU.ActiveCfg = Debug|Any CPU
		{F8132939-E636-B371-D3F5-256987FF7784}.Debug|Any CPU.Build.0 = Debug|Any CPU
		{F8132939-E636-B371-D3F5-256987FF7784}.Release|Any CPU.ActiveCfg = Release|Any CPU
		{F8132939-E636-B371-D3F5-256987FF7784}.Release|Any CPU.Build.0 = Release|Any CPU
	EndGlobalSection
	GlobalSection(SolutionProperties) = preSolution
		HideSolutionNode = FALSE
	EndGlobalSection
			GlobalSection(MonoDevelopProperties) = preSolution
		StartupItem = Assembly-CSharp.csproj
		Policies = $0
		$0.TextStylePolicy = $1
		$1.inheritsSet = null
		$1.scope = text/x-csharp
		$0.CSharpFormattingPolicy = $2
		$2.inheritsSet = Mono
		$2.inheritsScope = text/x-csharp
		$2.scope = text/x-csharp
		$0.TextStylePolicy = $3
		$3.FileWidth = 120
		$3.TabWidth = 4
		$3.EolMarker = Unix
		$3.inheritsSet = Mono
		$3.inheritsScope = text/plain
		$3.scope = text/plain
	EndGlobalSection

EndGlobal
